{
  "originHash" : "a95144e0899b5f6066d119437436c3fbab8ad680844edf7d1f721a6fc43faa97",
  "pins" : [
    {
      "identity" : "diffkit",
      "kind" : "remoteSourceControl",
      "location" : "https://github.com/afitzgerald/DiffKit.git",
      "state" : {
        "revision" : "8c3ca32d2c2eb6755263b221280172103ea95203",
        "version" : "0.1.0"
      }
    },
    {
      "identity" : "libghostty-spm",
      "kind" : "remoteSourceControl",
      "location" : "https://github.com/afitzgerald/libghostty-spm.git",
      "state" : {
        "revision" : "56510302b00a1d7f8a1f484f26db15456a481878",
        "version" : "1.6.20260922-key-repeat.1"
      }
    },
    {
      "identity" : "msdisplaylink",
      "kind" : "remoteSourceControl",
      "location" : "https://github.com/Lakr233/MSDisplayLink.git",
      "state" : {
        "revision" : "87eb0af130744c8cbe2e31b6e1a5bcd659f1c220",
        "version" : "2.2.0"
      }
    }
  ],
  "version" : 3
}
